
Microsoft Visual Studio Solution File, Format Version 12.00
# Visual Studio Version 17
VisualStudioVersion = 17.6.33815.320
MinimumVisualStudioVersion = 10.0.40219.1
Project("{FAE04EC0-301F-11D3-BF4B-00C04F79EFBC}") = "H1_Extra_Football_club", "H1_Extra_Football_club\H1_Extra_Football_club.csproj", "{27A9EC76-C7E7-4B82-A388-6A27C81C0DC0}"
EndProject
Global
	GlobalSection(SolutionConfigurationPlatforms) = preSolution
		Debug|Any CPU = Debug|Any CPU
		Release|Any CPU = Release|Any CPU
	EndGlobalSection
	GlobalSection(ProjectConfigurationPlatforms) = postSolution
		{27A9EC76-C7E7-4B82-A388-6A27C81C0DC0}.Debug|Any CPU.ActiveCfg = Debug|Any CPU
		{27A9EC76-C7E7-4B82-A388-6A27C81C0DC0}.Debug|Any CPU.Build.0 = Debug|Any CPU
		{27A9EC76-C7E7-4B82-A388-6A27C81C0DC0}.Release|Any CPU.ActiveCfg = Release|Any CPU
		{27A9EC76-C7E7-4B82-A388-6A27C81C0DC0}.Release|Any CPU.Build.0 = Release|Any CPU
	EndGlobalSection
	GlobalSection(SolutionProperties) = preSolution
		HideSolutionNode = FALSE
	EndGlobalSection
	GlobalSection(ExtensibilityGlobals) = postSolution
		SolutionGuid = {CC0792A9-B0B1-4431-BF5A-7DBABDE94EBD}
	EndGlobalSection
EndGlobal
